
Microsoft Visual Studio Solution File, Format Version 12.00
# Visual Studio 15
Project("{FAE04EC0-301F-11D3-BF4B-00C04F79EFBC}") = "Platform Jumper", "Platform Jumper.csproj", "{6700EE89-4512-F505-CADD-F973BEC1C42D}"
EndProject
Project("{FAE04EC0-301F-11D3-BF4B-00C04F79EFBC}") = "Platform Jumper.Editor.Plugins", "Platform Jumper.Editor.Plugins.csproj", "{6A401A3C-A04B-759B-A5D6-AE9585B54D5D}"
EndProject
Global
	GlobalSection(SolutionConfigurationPlatforms) = preSolution
		Debug|Any CPU = Debug|Any CPU
		Release|Any CPU = Release|Any CPU
	EndGlobalSection
	GlobalSection(ProjectConfigurationPlatforms) = postSolution
		{6700EE89-4512-F505-CADD-F973BEC1C42D}.Debug|Any CPU.ActiveCfg = Debug|Any CPU
		{6700EE89-4512-F505-CADD-F973BEC1C42D}.Debug|Any CPU.Build.0 = Debug|Any CPU
		{6700EE89-4512-F505-CADD-F973BEC1C42D}.Release|Any CPU.ActiveCfg = Release|Any CPU
		{6700EE89-4512-F505-CADD-F973BEC1C42D}.Release|Any CPU.Build.0 = Release|Any CPU
		{6A401A3C-A04B-759B-A5D6-AE9585B54D5D}.Debug|Any CPU.ActiveCfg = Debug|Any CPU
		{6A401A3C-A04B-759B-A5D6-AE9585B54D5D}.Debug|Any CPU.Build.0 = Debug|Any CPU
		{6A401A3C-A04B-759B-A5D6-AE9585B54D5D}.Release|Any CPU.ActiveCfg = Release|Any CPU
		{6A401A3C-A04B-759B-A5D6-AE9585B54D5D}.Release|Any CPU.Build.0 = Release|Any CPU
	EndGlobalSection
	GlobalSection(SolutionProperties) = preSolution
		HideSolutionNode = FALSE
	EndGlobalSection
EndGlobal
